// !$*UTF8*$!
{
	archiveVersion = 1;
	classes = {
	};
	objectVersion = 46;
	objects = {

/* Begin PBXBuildFile section */
		2F97F36E19C6B53B0058FF85 /* Foundation.framework in Frameworks */ = {isa = PBXBuildFile; fileRef = 2F97F36D19C6B53B0058FF85 /* Foundation.framework */; };
		2F97F37019C6B53B0058FF85 /* CoreGraphics.framework in Frameworks */ = {isa = PBXBuildFile; fileRef = 2F97F36F19C6B53B0058FF85 /* CoreGraphics.framework */; };
		2F97F37219C6B53B0058FF85 /* UIKit.framework in Frameworks */ = {isa = PBXBuildFile; fileRef = 2F97F37119C6B53B0058FF85 /* UIKit.framework */; };
		2F97F37819C6B53B0058FF85 /* InfoPlist.strings in Resources */ = {isa = PBXBuildFile; fileRef = 2F97F37619C6B53B0058FF85 /* InfoPlist.strings */; };
		2F97F37A19C6B53B0058FF85 /* main.m in Sources */ = {isa = PBXBuildFile; fileRef = 2F97F37919C6B53B0058FF85 /* main.m */; };
		2F97F37E19C6B53B0058FF85 /* TableAppDelegate.m in Sources */ = {isa = PBXBuildFile; fileRef = 2F97F37D19C6B53B0058FF85 /* TableAppDelegate.m */; };
		2F97F38119C6B53B0058FF85 /* Main.storyboard in Resources */ = {isa = PBXBuildFile; fileRef = 2F97F37F19C6B53B0058FF85 /* Main.storyboard */; };
		2F97F38419C6B53B0058FF85 /* TableViewController.m in Sources */ = {isa = PBXBuildFile; fileRef = 2F97F38319C6B53B0058FF85 /* TableViewController.m */; };
		2F97F38619C6B53B0058FF85 /* Images.xcassets in Resources */ = {isa = PBXBuildFile; fileRef = 2F97F38519C6B53B0058FF85 /* Images.xcassets */; };
		2F97F38D19C6B53B0058FF85 /* XCTest.framework in Frameworks */ = {isa = PBXBuildFile; fileRef = 2F97F38C19C6B53B0058FF85 /* XCTest.framework */; };
		2F97F38E19C6B53B0058FF85 /* Foundation.framework in Frameworks */ = {isa = PBXBuildFile; fileRef = 2F97F36D19C6B53B0058FF85 /* Foundation.framework */; };
		2F97F38F19C6B53C0058FF85 /* UIKit.framework in Frameworks */ = {isa = PBXBuildFile; fileRef = 2F97F37119C6B53B0058FF85 /* UIKit.framework */; };
		2F97F39719C6B53C0058FF85 /* InfoPlist.strings in Resources */ = {isa = PBXBuildFile; fileRef = 2F97F39519C6B53C0058FF85 /* InfoPlist.strings */; };
		2F97F39919C6B53C0058FF85 /* TableTestTests.m in Sources */ = {isa = PBXBuildFile; fileRef = 2F97F39819C6B53C0058FF85 /* TableTestTests.m */; };
/* End PBXBuildFile section */

/* Begin PBXContainerItemProxy section */
		2F97F39019C6B53C0058FF85 /* PBXContainerItemProxy */ = {
			isa = PBXContainerItemProxy;
			containerPortal = 2F97F36219C6B53B0058FF85 /* Project object */;
			proxyType = 1;
			remoteGlobalIDString = 2F97F36919C6B53B0058FF85;
			remoteInfo = TableTest;
		};
/* End PBXContainerItemProxy section */

/* Begin PBXFileReference section */
		2F97F36A19C6B53B0058FF85 /* TableTest.app */ = {isa = PBXFileReference; explicitFileType = wrapper.application; includeInIndex = 0; path = TableTest.app; sourceTree = BUILT_PRODUCTS_DIR; };
		2F97F36D19C6B53B0058FF85 /* Foundation.framework */ = {isa = PBXFileReference; lastKnownFileType = wrapper.framework; name = Foundation.framework; path = System/Library/Frameworks/Foundation.framework; sourceTree = SDKROOT; };
		2F97F36F19C6B53B0058FF85 /* CoreGraphics.framework */ = {isa = PBXFileReference; lastKnownFileType = wrapper.framework; name = CoreGraphics.framework; path = System/Library/Frameworks/CoreGraphics.framework; sourceTree = SDKROOT; };
		2F97F37119C6B53B0058FF85 /* UIKit.framework */ = {isa = PBXFileReference; lastKnownFileType = wrapper.framework; name = UIKit.framework; path = System/Library/Frameworks/UIKit.framework; sourceTree = SDKROOT; };
		2F97F37519C6B53B0058FF85 /* TableTest-Info.plist */ = {isa = PBXFileReference; lastKnownFileType = text.plist.xml; path = "TableTest-Info.plist"; sourceTree = "<group>"; };
		2F97F37719C6B53B0058FF85 /* en */ = {isa = PBXFileReference; lastKnownFileType = text.plist.strings; name = en; path = en.lproj/InfoPlist.strings; sourceTree = "<group>"; };
		2F97F37919C6B53B0058FF85 /* main.m */ = {isa = PBXFileReference; lastKnownFileType = sourcecode.c.objc; path = main.m; sourceTree = "<group>"; };
		2F97F37B19C6B53B0058FF85 /* TableTest-Prefix.pch */ = {isa = PBXFileReference; lastKnownFileType = sourcecode.c.h; path = "TableTest-Prefix.pch"; sourceTree = "<group>"; };
		2F97F37C19C6B53B0058FF85 /* TableAppDelegate.h */ = {isa = PBXFileReference; lastKnownFileType = sourcecode.c.h; path = TableAppDelegate.h; sourceTree = "<group>"; };
		2F97F37D19C6B53B0058FF85 /* TableAppDelegate.m */ = {isa = PBXFileReference; lastKnownFileType = sourcecode.c.objc; path = TableAppDelegate.m; sourceTree = "<group>"; };
		2F97F38019C6B53B0058FF85 /* Base */ = {isa = PBXFileReference; lastKnownFileType = file.storyboard; name = Base; path = Base.lproj/Main.storyboard; sourceTree = "<group>"; };
		2F97F38219C6B53B0058FF85 /* TableViewController.h */ = {isa = PBXFileReference; lastKnownFileType = sourcecode.c.h; path = TableViewController.h; sourceTree = "<group>"; };
		2F97F38319C6B53B0058FF85 /* TableViewController.m */ = {isa = PBXFileReference; lastKnownFileType = sourcecode.c.objc; path = TableViewController.m; sourceTree = "<group>"; };
		2F97F38519C6B53B0058FF85 /* Images.xcassets */ = {isa = PBXFileReference; lastKnownFileType = folder.assetcatalog; path = Images.xcassets; sourceTree = "<group>"; };
		2F97F38B19C6B53B0058FF85 /* TableTestTests.xctest */ = {isa = PBXFileReference; explicitFileType = wrapper.cfbundle; includeInIndex = 0; path = TableTestTests.xctest; sourceTree = BUILT_PRODUCTS_DIR; };
		2F97F38C19C6B53B0058FF85 /* XCTest.framework */ = {isa = PBXFileReference; lastKnownFileType = wrapper.framework; name = XCTest.framework; path = Library/Frameworks/XCTest.framework; sourceTree = DEVELOPER_DIR; };
		2F97F39419C6B53C0058FF85 /* TableTestTests-Info.plist */ = {isa = PBXFileReference; lastKnownFileType = text.plist.xml; path = "TableTestTests-Info.plist"; sourceTree = "<group>"; };
		2F97F39619C6B53C0058FF85 /* en */ = {isa = PBXFileReference; lastKnownFileType = text.plist.strings; name = en; path = en.lproj/InfoPlist.strings; sourceTree = "<group>"; };
		2F97F39819C6B53C0058FF85 /* TableTestTests.m */ = {isa = PBXFileReference; lastKnownFileType = sourcecode.c.objc; path = TableTestTests.m; sourceTree = "<group>"; };
/* End PBXFileReference section */

/* Begin PBXFrameworksBuildPhase section */
		2F97F36719C6B53B0058FF85 /* Frameworks */ = {
			isa = PBXFrameworksBuildPhase;
			buildActionMask = 2147483647;
			files = (
				2F97F37019C6B53B0058FF85 /* CoreGraphics.framework in Frameworks */,
				2F97F37219C6B53B0058FF85 /* UIKit.framework in Frameworks */,
				2F97F36E19C6B53B0058FF85 /* Foundation.framework in Frameworks */,
			);
			runOnlyForDeploymentPostprocessing = 0;
		};
		2F97F38819C6B53B0058FF85 /* Frameworks */ = {
			isa = PBXFrameworksBuildPhase;
			buildActionMask = 2147483647;
			files = (
				2F97F38D19C6B53B0058FF85 /* XCTest.framework in Frameworks */,
				2F97F38F19C6B53C0058FF85 /* UIKit.framework in Frameworks */,
				2F97F38E19C6B53B0058FF85 /* Foundation.framework in Frameworks */,
			);
			runOnlyForDeploymentPostprocessing = 0;
		};
/* End PBXFrameworksBuildPhase section */

/* Begin PBXGroup section */
		2F97F36119C6B53B0058FF85 = {
			isa = PBXGroup;
			children = (
				2F97F37319C6B53B0058FF85 /* TableTest */,
				2F97F39219C6B53C0058FF85 /* TableTestTests */,
				2F97F36C19C6B53B0058FF85 /* Frameworks */,
				2F97F36B19C6B53B0058FF85 /* Products */,
			);
			sourceTree = "<group>";
		};
		2F97F36B19C6B53B0058FF85 /* Products */ = {
			isa = PBXGroup;
			children = (
				2F97F36A19C6B53B0058FF85 /* TableTest.app */,
				2F97F38B19C6B53B0058FF85 /* TableTestTests.xctest */,
			);
			name = Products;
			sourceTree = "<group>";
		};
		2F97F36C19C6B53B0058FF85 /* Frameworks */ = {
			isa = PBXGroup;
			children = (
				2F97F36D19C6B53B0058FF85 /* Foundation.framework */,
				2F97F36F19C6B53B0058FF85 /* CoreGraphics.framework */,
				2F97F37119C6B53B0058FF85 /* UIKit.framework */,
				2F97F38C19C6B53B0058FF85 /* XCTest.framework */,
			);
			name = Frameworks;
			sourceTree = "<group>";
		};
		2F97F37319C6B53B0058FF85 /* TableTest */ = {
			isa = PBXGroup;
			children = (
				2F97F37C19C6B53B0058FF85 /* TableAppDelegate.h */,
				2F97F37D19C6B53B0058FF85 /* TableAppDelegate.m */,
				2F97F37F19C6B53B0058FF85 /* Main.storyboard */,
				2F97F38219C6B53B0058FF85 /* TableViewController.h */,
				2F97F38319C6B53B0058FF85 /* TableViewController.m */,
				2F97F38519C6B53B0058FF85 /* Images.xcassets */,
				2F97F37419C6B53B0058FF85 /* Supporting Files */,
			);
			path = TableTest;
			sourceTree = "<group>";
		};
		2F97F37419C6B53B0058FF85 /* Supporting Files */ = {
			isa = PBXGroup;
			children = (
				2F97F37519C6B53B0058FF85 /* TableTest-Info.plist */,
				2F97F37619C6B53B0058FF85 /* InfoPlist.strings */,
				2F97F37919C6B53B0058FF85 /* main.m */,
				2F97F37B19C6B53B0058FF85 /* TableTest-Prefix.pch */,
			);
			name = "Supporting Files";
			sourceTree = "<group>";
		};
		2F97F39219C6B53C0058FF85 /* TableTestTests */ = {
			isa = PBXGroup;
			children = (
				2F97F39819C6B53C0058FF85 /* TableTestTests.m */,
				2F97F39319C6B53C0058FF85 /* Supporting Files */,
			);
			path = TableTestTests;
			sourceTree = "<group>";
		};
		2F97F39319C6B53C0058FF85 /* Supporting Files */ = {
			isa = PBXGroup;
			children = (
				2F97F39419C6B53C0058FF85 /* TableTestTests-Info.plist */,
				2F97F39519C6B53C0058FF85 /* InfoPlist.strings */,
			);
			name = "Supporting Files";
			sourceTree = "<group>";
		};
/* End PBXGroup section */

/* Begin PBXNativeTarget section */
		2F97F36919C6B53B0058FF85 /* TableTest */ = {
			isa = PBXNativeTarget;
			buildConfigurationList = 2F97F39C19C6B53C0058FF85 /* Build configuration list for PBXNativeTarget "TableTest" */;
			buildPhases = (
				2F97F36619C6B53B0058FF85 /* Sources */,
				2F97F36719C6B53B0058FF85 /* Frameworks */,
				2F97F36819C6B53B0058FF85 /* Resources */,
			);
			buildRules = (
			);
			dependencies = (
			);
			name = TableTest;
			productName = TableTest;
			productReference = 2F97F36A19C6B53B0058FF85 /* TableTest.app */;
			productType = "com.apple.product-type.application";
		};
		2F97F38A19C6B53B0058FF85 /* TableTestTests */ = {
			isa = PBXNativeTarget;
			buildConfigurationList = 2F97F39F19C6B53C0058FF85 /* Build configuration list for PBXNativeTarget "TableTestTests" */;
			buildPhases = (
				2F97F38719C6B53B0058FF85 /* Sources */,
				2F97F38819C6B53B0058FF85 /* Frameworks */,
				2F97F38919C6B53B0058FF85 /* Resources */,
			);
			buildRules = (
			);
			dependencies = (
				2F97F39119C6B53C0058FF85 /* PBXTargetDependency */,
			);
			name = TableTestTests;
			productName = TableTestTests;
			productReference = 2F97F38B19C6B53B0058FF85 /* TableTestTests.xctest */;
			productType = "com.apple.product-type.bundle.unit-test";
		};
/* End PBXNativeTarget section */

/* Begin PBXProject section */
		2F97F36219C6B53B0058FF85 /* Project object */ = {
			isa = PBXProject;
			attributes = {
				CLASSPREFIX = Table;
				LastUpgradeCheck = 0510;
				ORGANIZATIONNAME = "Mubashir Meddekar";
				TargetAttributes = {
					2F97F38A19C6B53B0058FF85 = {
						TestTargetID = 2F97F36919C6B53B0058FF85;
					};
				};
			};
			buildConfigurationList = 2F97F36519C6B53B0058FF85 /* Build configuration list for PBXProject "TableTest" */;
			compatibilityVersion = "Xcode 3.2";
			developmentRegion = English;
			hasScannedForEncodings = 0;
			knownRegions = (
				en,
				Base,
			);
			mainGroup = 2F97F36119C6B53B0058FF85;
			productRefGroup = 2F97F36B19C6B53B0058FF85 /* Products */;
			projectDirPath = "";
			projectRoot = "";
			targets = (
				2F97F36919C6B53B0058FF85 /* TableTest */,
				2F97F38A19C6B53B0058FF85 /* TableTestTests */,
			);
		};
/* End PBXProject section */

/* Begin PBXResourcesBuildPhase section */
		2F97F36819C6B53B0058FF85 /* Resources */ = {
			isa = PBXResourcesBuildPhase;
			buildActionMask = 2147483647;
			files = (
				2F97F38619C6B53B0058FF85 /* Images.xcassets in Resources */,
				2F97F37819C6B53B0058FF85 /* InfoPlist.strings in Resources */,
				2F97F38119C6B53B0058FF85 /* Main.storyboard in Resources */,
			);
			runOnlyForDeploymentPostprocessing = 0;
		};
		2F97F38919C6B53B0058FF85 /* Resources */ = {
			isa = PBXResourcesBuildPhase;
			buildActionMask = 2147483647;
			files = (
				2F97F39719C6B53C0058FF85 /* InfoPlist.strings in Resources */,
			);
			runOnlyForDeploymentPostprocessing = 0;
		};
/* End PBXResourcesBuildPhase section */

/* Begin PBXSourcesBuildPhase section */
		2F97F36619C6B53B0058FF85 /* Sources */ = {
			isa = PBXSourcesBuildPhase;
			buildActionMask = 2147483647;
			files = (
				2F97F37A19C6B53B0058FF85 /* main.m in Sources */,
				2F97F38419C6B53B0058FF85 /* TableViewController.m in Sources */,
				2F97F37E19C6B53B0058FF85 /* TableAppDelegate.m in Sources */,
			);
			runOnlyForDeploymentPostprocessing = 0;
		};
		2F97F38719C6B53B0058FF85 /* Sources */ = {
			isa = PBXSourcesBuildPhase;
			buildActionMask = 2147483647;
			files = (
				2F97F39919C6B53C0058FF85 /* TableTestTests.m in Sources */,
			);
			runOnlyForDeploymentPostprocessing = 0;
		};
/* End PBXSourcesBuildPhase section */

/* Begin PBXTargetDependency section */
		2F97F39119C6B53C0058FF85 /* PBXTargetDependency */ = {
			isa = PBXTargetDependency;
			target = 2F97F36919C6B53B0058FF85 /* TableTest */;
			targetProxy = 2F97F39019C6B53C0058FF85 /* PBXContainerItemProxy */;
		};
/* End PBXTargetDependency section */

/* Begin PBXVariantGroup section */
		2F97F37619C6B53B0058FF85 /* InfoPlist.strings */ = {
			isa = PBXVariantGroup;
			children = (
				2F97F37719C6B53B0058FF85 /* en */,
			);
			name = InfoPlist.strings;
			sourceTree = "<group>";
		};
		2F97F37F19C6B53B0058FF85 /* Main.storyboard */ = {
			isa = PBXVariantGroup;
			children = (
				2F97F38019C6B53B0058FF85 /* Base */,
			);
			name = Main.storyboard;
			sourceTree = "<group>";
		};
		2F97F39519C6B53C0058FF85 /* InfoPlist.strings */ = {
			isa = PBXVariantGroup;
			children = (
				2F97F39619C6B53C0058FF85 /* en */,
			);
			name = InfoPlist.strings;
			sourceTree = "<group>";
		};
/* End PBXVariantGroup section */

/* Begin XCBuildConfiguration section */
		2F97F39A19C6B53C0058FF85 /* Debug */ = {
			isa = XCBuildConfiguration;
			buildSettings = {
				ALWAYS_SEARCH_USER_PATHS = NO;
				CLANG_CXX_LANGUAGE_STANDARD = "gnu++0x";
				CLANG_CXX_LIBRARY = "libc++";
				CLANG_ENABLE_MODULES = YES;
				CLANG_ENABLE_OBJC_ARC = YES;
				CLANG_WARN_BOOL_CONVERSION = YES;
				CLANG_WARN_CONSTANT_CONVERSION = YES;
				CLANG_WARN_DIRECT_OBJC_ISA_USAGE = YES_ERROR;
				CLANG_WARN_EMPTY_BODY = YES;
				CLANG_WARN_ENUM_CONVERSION = YES;
				CLANG_WARN_INT_CONVERSION = YES;
				CLANG_WARN_OBJC_ROOT_CLASS = YES_ERROR;
				CLANG_WARN__DUPLICATE_METHOD_MATCH = YES;
				"CODE_SIGN_IDENTITY[sdk=iphoneos*]" = "iPhone Developer";
				COPY_PHASE_STRIP = NO;
				GCC_C_LANGUAGE_STANDARD = gnu99;
				GCC_DYNAMIC_NO_PIC = NO;
				GCC_OPTIMIZATION_LEVEL = 0;
				GCC_PREPROCESSOR_DEFINITIONS = (
					"DEBUG=1",
					"$(inherited)",
				);
				GCC_SYMBOLS_PRIVATE_EXTERN = NO;
				GCC_WARN_64_TO_32_BIT_CONVERSION = YES;
				GCC_WARN_ABOUT_RETURN_TYPE = YES_ERROR;
				GCC_WARN_UNDECLARED_SELECTOR = YES;
				GCC_WARN_UNINITIALIZED_AUTOS = YES_AGGRESSIVE;
				GCC_WARN_UNUSED_FUNCTION = YES;
				GCC_WARN_UNUSED_VARIABLE = YES;
				IPHONEOS_DEPLOYMENT_TARGET = 7.1;
				ONLY_ACTIVE_ARCH = YES;
				SDKROOT = iphoneos;
			};
			name = Debug;
		};
		2F97F39B19C6B53C0058FF85 /* Release */ = {
			isa = XCBuildConfiguration;
			buildSettings = {
				ALWAYS_SEARCH_USER_PATHS = NO;
				CLANG_CXX_LANGUAGE_STANDARD = "gnu++0x";
				CLANG_CXX_LIBRARY = "libc++";
				CLANG_ENABLE_MODULES = YES;
				CLANG_ENABLE_OBJC_ARC = YES;
				CLANG_WARN_BOOL_CONVERSION = YES;
				CLANG_WARN_CONSTANT_CONVERSION = YES;
				CLANG_WARN_DIRECT_OBJC_ISA_USAGE = YES_ERROR;
				CLANG_WARN_EMPTY_BODY = YES;
				CLANG_WARN_ENUM_CONVERSION = YES;
				CLANG_WARN_INT_CONVERSION = YES;
				CLANG_WARN_OBJC_ROOT_CLASS = YES_ERROR;
				CLANG_WARN__DUPLICATE_METHOD_MATCH = YES;
				"CODE_SIGN_IDENTITY[sdk=iphoneos*]" = "iPhone Developer";
				COPY_PHASE_STRIP = YES;
				ENABLE_NS_ASSERTIONS = NO;
				GCC_C_LANGUAGE_STANDARD = gnu99;
				GCC_WARN_64_TO_32_BIT_CONVERSION = YES;
				GCC_WARN_ABOUT_RETURN_TYPE = YES_ERROR;
				GCC_WARN_UNDECLARED_SELECTOR = YES;
				GCC_WARN_UNINITIALIZED_AUTOS = YES_AGGRESSIVE;
				GCC_WARN_UNUSED_FUNCTION = YES;
				GCC_WARN_UNUSED_VARIABLE = YES;
				IPHONEOS_DEPLOYMENT_TARGET = 7.1;
				SDKROOT = iphoneos;
				VALIDATE_PRODUCT = YES;
			};
			name = Release;
		};
		2F97F39D19C6B53C0058FF85 /* Debug */ = {
			isa = XCBuildConfiguration;
			buildSettings = {
				ASSETCATALOG_COMPILER_APPICON_NAME = AppIcon;
				ASSETCATALOG_COMPILER_LAUNCHIMAGE_NAME = LaunchImage;
				GCC_PRECOMPILE_PREFIX_HEADER = YES;
				GCC_PREFIX_HEADER = "TableTest/TableTest-Prefix.pch";
				INFOPLIST_FILE = "TableTest/TableTest-Info.plist";
				PRODUCT_NAME = "$(TARGET_NAME)";
				WRAPPER_EXTENSION = app;
			};
			name = Debug;
		};
		2F97F39E19C6B53C0058FF85 /* Release */ = {
			isa = XCBuildConfiguration;
			buildSettings = {
				ASSETCATALOG_COMPILER_APPICON_NAME = AppIcon;
				ASSETCATALOG_COMPILER_LAUNCHIMAGE_NAME = LaunchImage;
				GCC_PRECOMPILE_PREFIX_HEADER = YES;
				GCC_PREFIX_HEADER = "TableTest/TableTest-Prefix.pch";
				INFOPLIST_FILE = "TableTest/TableTest-Info.plist";
				PRODUCT_NAME = "$(TARGET_NAME)";
				WRAPPER_EXTENSION = app;
			};
			name = Release;
		};
		2F97F3A019C6B53C0058FF85 /* Debug */ = {
			isa = XCBuildConfiguration;
			buildSettings = {
				BUNDLE_LOADER = "$(BUILT_PRODUCTS_DIR)/TableTest.app/TableTest";
				FRAMEWORK_SEARCH_PATHS = (
					"$(SDKROOT)/Developer/Library/Frameworks",
					"$(inherited)",
					"$(DEVELOPER_FRAMEWORKS_DIR)",
				);
				GCC_PRECOMPILE_PREFIX_HEADER = YES;
				GCC_PREFIX_HEADER = "TableTest/TableTest-Prefix.pch";
				GCC_PREPROCESSOR_DEFINITIONS = (
					"DEBUG=1",
					"$(inherited)",
				);
				INFOPLIST_FILE = "TableTestTests/TableTestTests-Info.plist";
				PRODUCT_NAME = "$(TARGET_NAME)";
				TEST_HOST = "$(BUNDLE_LOADER)";
				WRAPPER_EXTENSION = xctest;
			};
			name = Debug;
		};
		2F97F3A119C6B53C0058FF85 /* Release */ = {
			isa = XCBuildConfiguration;
			buildSettings = {
				BUNDLE_LOADER = "$(BUILT_PRODUCTS_DIR)/TableTest.app/TableTest";
				FRAMEWORK_SEARCH_PATHS = (
					"$(SDKROOT)/Developer/Library/Frameworks",
					"$(inherited)",
					"$(DEVELOPER_FRAMEWORKS_DIR)",
				);
				GCC_PRECOMPILE_PREFIX_HEADER = YES;
				GCC_PREFIX_HEADER = "TableTest/TableTest-Prefix.pch";
				INFOPLIST_FILE = "TableTestTests/TableTestTests-Info.plist";
				PRODUCT_NAME = "$(TARGET_NAME)";
				TEST_HOST = "$(BUNDLE_LOADER)";
				WRAPPER_EXTENSION = xctest;
			};
			name = Release;
		};
/* End XCBuildConfiguration section */

/* Begin XCConfigurationList section */
		2F97F36519C6B53B0058FF85 /* Build configuration list for PBXProject "TableTest" */ = {
			isa = XCConfigurationList;
			buildConfigurations = (
				2F97F39A19C6B53C0058FF85 /* Debug */,
				2F97F39B19C6B53C0058FF85 /* Release */,
			);
			defaultConfigurationIsVisible = 0;
			defaultConfigurationName = Release;
		};
		2F97F39C19C6B53C0058FF85 /* Build configuration list for PBXNativeTarget "TableTest" */ = {
			isa = XCConfigurationList;
			buildConfigurations = (
				2F97F39D19C6B53C0058FF85 /* Debug */,
				2F97F39E19C6B53C0058FF85 /* Release */,
			);
			defaultConfigurationIsVisible = 0;
		};
		2F97F39F19C6B53C0058FF85 /* Build configuration list for PBXNativeTarget "TableTestTests" */ = {
			isa = XCConfigurationList;
			buildConfigurations = (
				2F97F3A019C6B53C0058FF85 /* Debug */,
				2F97F3A119C6B53C0058FF85 /* Release */,
			);
			defaultConfigurationIsVisible = 0;
		};
/* End XCConfigurationList section */
	};
	rootObject = 2F97F36219C6B53B0058FF85 /* Project object */;
}
